
Microsoft Visual Studio Solution File, Format Version 12.00
# Visual Studio Version 17
VisualStudioVersion = 17.9.34728.123
MinimumVisualStudioVersion = 10.0.40219.1
Project("{FAE04EC0-301F-11D3-BF4B-00C04F79EFBC}") = "PFinal_v2", "PFinal_v2\PFinal_v2.csproj", "{048EFAF3-163A-462F-AACC-C2C53120EC39}"
EndProject
Global
	GlobalSection(SolutionConfigurationPlatforms) = preSolution
		Debug|Any CPU = Debug|Any CPU
		Release|Any CPU = Release|Any CPU
	EndGlobalSection
	GlobalSection(ProjectConfigurationPlatforms) = postSolution
		{048EFAF3-163A-462F-AACC-C2C53120EC39}.Debug|Any CPU.ActiveCfg = Debug|Any CPU
		{048EFAF3-163A-462F-AACC-C2C53120EC39}.Debug|Any CPU.Build.0 = Debug|Any CPU
		{048EFAF3-163A-462F-AACC-C2C53120EC39}.Release|Any CPU.ActiveCfg = Release|Any CPU
		{048EFAF3-163A-462F-AACC-C2C53120EC39}.Release|Any CPU.Build.0 = Release|Any CPU
	EndGlobalSection
	GlobalSection(SolutionProperties) = preSolution
		HideSolutionNode = FALSE
	EndGlobalSection
	GlobalSection(ExtensibilityGlobals) = postSolution
		SolutionGuid = {2EDF1DDF-5A3C-4725-8C9E-C423CCB876E4}
	EndGlobalSection
EndGlobal
